
Microsoft Visual Studio Solution File, Format Version 12.00
# Visual Studio Version 16
VisualStudioVersion = 16.0.30002.166
MinimumVisualStudioVersion = 10.0.40219.1
Project("{FAE04EC0-301F-11D3-BF4B-00C04F79EFBC}") = "Vibha K", "Vibha K\Vibha K.csproj", "{5D248C08-674F-4D17-A006-8EAF990B85DE}"
EndProject
Global
	GlobalSection(SolutionConfigurationPlatforms) = preSolution
		Debug|Any CPU = Debug|Any CPU
		Release|Any CPU = Release|Any CPU
	EndGlobalSection
	GlobalSection(ProjectConfigurationPlatforms) = postSolution
		{5D248C08-674F-4D17-A006-8EAF990B85DE}.Debug|Any CPU.ActiveCfg = Debug|Any CPU
		{5D248C08-674F-4D17-A006-8EAF990B85DE}.Debug|Any CPU.Build.0 = Debug|Any CPU
		{5D248C08-674F-4D17-A006-8EAF990B85DE}.Release|Any CPU.ActiveCfg = Release|Any CPU
		{5D248C08-674F-4D17-A006-8EAF990B85DE}.Release|Any CPU.Build.0 = Release|Any CPU
	EndGlobalSection
	GlobalSection(SolutionProperties) = preSolution
		HideSolutionNode = FALSE
	EndGlobalSection
	GlobalSection(ExtensibilityGlobals) = postSolution
		SolutionGuid = {1660C536-E372-44F0-AADD-28C44E5AB9B7}
	EndGlobalSection
EndGlobal
